
Microsoft Visual Studio Solution File, Format Version 12.00
# Visual Studio Version 17
VisualStudioVersion = 17.11.35312.102
MinimumVisualStudioVersion = 10.0.40219.1
Project("{FAE04EC0-301F-11D3-BF4B-00C04F79EFBC}") = "JGtallerMVC", "JGtallerMVC.csproj", "{CCC49A6B-C4C1-4776-9C45-C0EE874DCAA0}"
EndProject
Global
	GlobalSection(SolutionConfigurationPlatforms) = preSolution
		Debug|Any CPU = Debug|Any CPU
		Release|Any CPU = Release|Any CPU
	EndGlobalSection
	GlobalSection(ProjectConfigurationPlatforms) = postSolution
		{CCC49A6B-C4C1-4776-9C45-C0EE874DCAA0}.Debug|Any CPU.ActiveCfg = Debug|Any CPU
		{CCC49A6B-C4C1-4776-9C45-C0EE874DCAA0}.Debug|Any CPU.Build.0 = Debug|Any CPU
		{CCC49A6B-C4C1-4776-9C45-C0EE874DCAA0}.Release|Any CPU.ActiveCfg = Release|Any CPU
		{CCC49A6B-C4C1-4776-9C45-C0EE874DCAA0}.Release|Any CPU.Build.0 = Release|Any CPU
	EndGlobalSection
	GlobalSection(SolutionProperties) = preSolution
		HideSolutionNode = FALSE
	EndGlobalSection
	GlobalSection(ExtensibilityGlobals) = postSolution
		SolutionGuid = {20A9DE23-4225-430A-91DF-4E977B5FE995}
	EndGlobalSection
EndGlobal
